// !$*UTF8*$!
{
	archiveVersion = 1;
	classes = {
	};
	objectVersion = 52;
	objects = {

/* Begin PBXBuildFile section */
		88EEAFE224A1B665001DC3C7 /* AppDelegate.swift in Sources */ = {isa = PBXBuildFile; fileRef = 88EEAFE124A1B665001DC3C7 /* AppDelegate.swift */; };
		88EEAFE424A1B665001DC3C7 /* SceneDelegate.swift in Sources */ = {isa = PBXBuildFile; fileRef = 88EEAFE324A1B665001DC3C7 /* SceneDelegate.swift */; };
		88EEAFE624A1B665001DC3C7 /* LoginViewController.swift in Sources */ = {isa = PBXBuildFile; fileRef = 88EEAFE524A1B665001DC3C7 /* LoginViewController.swift */; };
		88EEAFE924A1B665001DC3C7 /* Main.storyboard in Resources */ = {isa = PBXBuildFile; fileRef = 88EEAFE724A1B665001DC3C7 /* Main.storyboard */; };
		88EEAFEB24A1B66B001DC3C7 /* Assets.xcassets in Resources */ = {isa = PBXBuildFile; fileRef = 88EEAFEA24A1B66B001DC3C7 /* Assets.xcassets */; };
		88EEAFEE24A1B66B001DC3C7 /* LaunchScreen.storyboard in Resources */ = {isa = PBXBuildFile; fileRef = 88EEAFEC24A1B66B001DC3C7 /* LaunchScreen.storyboard */; };
		88EEAFF924A1B66C001DC3C7 /* BankTests.swift in Sources */ = {isa = PBXBuildFile; fileRef = 88EEAFF824A1B66C001DC3C7 /* BankTests.swift */; };
		88EEB00424A1B66C001DC3C7 /* BankUITests.swift in Sources */ = {isa = PBXBuildFile; fileRef = 88EEB00324A1B66C001DC3C7 /* BankUITests.swift */; };
		88EEB01E24A1C3AB001DC3C7 /* Alamofire in Frameworks */ = {isa = PBXBuildFile; productRef = 88EEB01D24A1C3AB001DC3C7 /* Alamofire */; };
		88EEB02124A1C45B001DC3C7 /* Realm in Frameworks */ = {isa = PBXBuildFile; productRef = 88EEB02024A1C45B001DC3C7 /* Realm */; };
		88EEB02324A1C45B001DC3C7 /* RealmSwift in Frameworks */ = {isa = PBXBuildFile; productRef = 88EEB02224A1C45B001DC3C7 /* RealmSwift */; };
		88EEB02524A1C5CB001DC3C7 /* LoginRouter.swift in Sources */ = {isa = PBXBuildFile; fileRef = 88EEB02424A1C5CB001DC3C7 /* LoginRouter.swift */; };
		88EEB02724A1C7F5001DC3C7 /* LoginInteractor.swift in Sources */ = {isa = PBXBuildFile; fileRef = 88EEB02624A1C7F5001DC3C7 /* LoginInteractor.swift */; };
		88EEB02924A1CA71001DC3C7 /* LoginPresenter.swift in Sources */ = {isa = PBXBuildFile; fileRef = 88EEB02824A1CA71001DC3C7 /* LoginPresenter.swift */; };
		88EEB02B24A1CBBE001DC3C7 /* LoginModels.swift in Sources */ = {isa = PBXBuildFile; fileRef = 88EEB02A24A1CBBE001DC3C7 /* LoginModels.swift */; };
		88EEB03024A1CC23001DC3C7 /* LoginRepository.swift in Sources */ = {isa = PBXBuildFile; fileRef = 88EEB02F24A1CC23001DC3C7 /* LoginRepository.swift */; };
		88EEB03324A1CCB7001DC3C7 /* RealmRepository.swift in Sources */ = {isa = PBXBuildFile; fileRef = 88EEB03124A1CCB6001DC3C7 /* RealmRepository.swift */; };
		88EEB03424A1CCB7001DC3C7 /* User.swift in Sources */ = {isa = PBXBuildFile; fileRef = 88EEB03224A1CCB7001DC3C7 /* User.swift */; };
		88EEB03724A1CCE6001DC3C7 /* UserMapper.swift in Sources */ = {isa = PBXBuildFile; fileRef = 88EEB03524A1CCE6001DC3C7 /* UserMapper.swift */; };
		88EEB03824A1CCE6001DC3C7 /* StatementsMapper.swift in Sources */ = {isa = PBXBuildFile; fileRef = 88EEB03624A1CCE6001DC3C7 /* StatementsMapper.swift */; };
		88EEB05D24A1D7E6001DC3C7 /* API.swift in Sources */ = {isa = PBXBuildFile; fileRef = 88EEB05C24A1D7E6001DC3C7 /* API.swift */; };
		88EEB05F24A1DE3A001DC3C7 /* APIRepository.swift in Sources */ = {isa = PBXBuildFile; fileRef = 88EEB05E24A1DE3A001DC3C7 /* APIRepository.swift */; };
		88EEB06824A1F1FD001DC3C7 /* HomeViewController.swift in Sources */ = {isa = PBXBuildFile; fileRef = 88EEB06724A1F1FD001DC3C7 /* HomeViewController.swift */; };
		88EEB0BA24A1FADC001DC3C7 /* ApplicationStack.swift in Sources */ = {isa = PBXBuildFile; fileRef = 88EEB0B924A1FADC001DC3C7 /* ApplicationStack.swift */; };
		88EEB0BC24A1FB21001DC3C7 /* AlertController.swift in Sources */ = {isa = PBXBuildFile; fileRef = 88EEB0BB24A1FB21001DC3C7 /* AlertController.swift */; };
		88EEB0C224A1FC17001DC3C7 /* Error.swift in Sources */ = {isa = PBXBuildFile; fileRef = 88EEB0C124A1FC17001DC3C7 /* Error.swift */; };
		88EEB0C424A1FD23001DC3C7 /* Urls.swift in Sources */ = {isa = PBXBuildFile; fileRef = 88EEB0C324A1FD23001DC3C7 /* Urls.swift */; };
		88EEB0C624A1FD79001DC3C7 /* JsonConstant.swift in Sources */ = {isa = PBXBuildFile; fileRef = 88EEB0C524A1FD79001DC3C7 /* JsonConstant.swift */; };
		88EEB0CD24A1FE42001DC3C7 /* StringValidator.swift in Sources */ = {isa = PBXBuildFile; fileRef = 88EEB0CC24A1FE42001DC3C7 /* StringValidator.swift */; };
		88EEB0CF24A1FE76001DC3C7 /* Validate.swift in Sources */ = {isa = PBXBuildFile; fileRef = 88EEB0CE24A1FE76001DC3C7 /* Validate.swift */; };
		88EEB0D324A1FF5F001DC3C7 /* PriceHelper.swift in Sources */ = {isa = PBXBuildFile; fileRef = 88EEB0D224A1FF5F001DC3C7 /* PriceHelper.swift */; };
		88EEB0D524A1FFD6001DC3C7 /* DateHelper.swift in Sources */ = {isa = PBXBuildFile; fileRef = 88EEB0D424A1FFD6001DC3C7 /* DateHelper.swift */; };
/* End PBXBuildFile section */

/* Begin PBXContainerItemProxy section */
		88EEAFF524A1B66C001DC3C7 /* PBXContainerItemProxy */ = {
			isa = PBXContainerItemProxy;
			containerPortal = 88EEAFD624A1B665001DC3C7 /* Project object */;
			proxyType = 1;
			remoteGlobalIDString = 88EEAFDD24A1B665001DC3C7;
			remoteInfo = Bank;
		};
		88EEB00024A1B66C001DC3C7 /* PBXContainerItemProxy */ = {
			isa = PBXContainerItemProxy;
			containerPortal = 88EEAFD624A1B665001DC3C7 /* Project object */;
			proxyType = 1;
			remoteGlobalIDString = 88EEAFDD24A1B665001DC3C7;
			remoteInfo = Bank;
		};
/* End PBXContainerItemProxy section */

/* Begin PBXFileReference section */
		88EEAFDE24A1B665001DC3C7 /* Bank.app */ = {isa = PBXFileReference; explicitFileType = wrapper.application; includeInIndex = 0; path = Bank.app; sourceTree = BUILT_PRODUCTS_DIR; };
		88EEAFE124A1B665001DC3C7 /* AppDelegate.swift */ = {isa = PBXFileReference; lastKnownFileType = sourcecode.swift; path = AppDelegate.swift; sourceTree = "<group>"; };
		88EEAFE324A1B665001DC3C7 /* SceneDelegate.swift */ = {isa = PBXFileReference; lastKnownFileType = sourcecode.swift; path = SceneDelegate.swift; sourceTree = "<group>"; };
		88EEAFE524A1B665001DC3C7 /* LoginViewController.swift */ = {isa = PBXFileReference; lastKnownFileType = sourcecode.swift; path = LoginViewController.swift; sourceTree = "<group>"; };
		88EEAFE824A1B665001DC3C7 /* Base */ = {isa = PBXFileReference; lastKnownFileType = file.storyboard; name = Base; path = Base.lproj/Main.storyboard; sourceTree = "<group>"; };
		88EEAFEA24A1B66B001DC3C7 /* Assets.xcassets */ = {isa = PBXFileReference; lastKnownFileType = folder.assetcatalog; path = Assets.xcassets; sourceTree = "<group>"; };
		88EEAFED24A1B66B001DC3C7 /* Base */ = {isa = PBXFileReference; lastKnownFileType = file.storyboard; name = Base; path = Base.lproj/LaunchScreen.storyboard; sourceTree = "<group>"; };
		88EEAFEF24A1B66B001DC3C7 /* Info.plist */ = {isa = PBXFileReference; lastKnownFileType = text.plist.xml; path = Info.plist; sourceTree = "<group>"; };
		88EEAFF424A1B66C001DC3C7 /* BankTests.xctest */ = {isa = PBXFileReference; explicitFileType = wrapper.cfbundle; includeInIndex = 0; path = BankTests.xctest; sourceTree = BUILT_PRODUCTS_DIR; };
		88EEAFF824A1B66C001DC3C7 /* BankTests.swift */ = {isa = PBXFileReference; lastKnownFileType = sourcecode.swift; path = BankTests.swift; sourceTree = "<group>"; };
		88EEAFFA24A1B66C001DC3C7 /* Info.plist */ = {isa = PBXFileReference; lastKnownFileType = text.plist.xml; path = Info.plist; sourceTree = "<group>"; };
		88EEAFFF24A1B66C001DC3C7 /* BankUITests.xctest */ = {isa = PBXFileReference; explicitFileType = wrapper.cfbundle; includeInIndex = 0; path = BankUITests.xctest; sourceTree = BUILT_PRODUCTS_DIR; };
		88EEB00324A1B66C001DC3C7 /* BankUITests.swift */ = {isa = PBXFileReference; lastKnownFileType = sourcecode.swift; path = BankUITests.swift; sourceTree = "<group>"; };
		88EEB00524A1B66C001DC3C7 /* Info.plist */ = {isa = PBXFileReference; lastKnownFileType = text.plist.xml; path = Info.plist; sourceTree = "<group>"; };
		88EEB02424A1C5CB001DC3C7 /* LoginRouter.swift */ = {isa = PBXFileReference; lastKnownFileType = sourcecode.swift; path = LoginRouter.swift; sourceTree = "<group>"; };
		88EEB02624A1C7F5001DC3C7 /* LoginInteractor.swift */ = {isa = PBXFileReference; lastKnownFileType = sourcecode.swift; path = LoginInteractor.swift; sourceTree = "<group>"; };
		88EEB02824A1CA71001DC3C7 /* LoginPresenter.swift */ = {isa = PBXFileReference; lastKnownFileType = sourcecode.swift; path = LoginPresenter.swift; sourceTree = "<group>"; };
		88EEB02A24A1CBBE001DC3C7 /* LoginModels.swift */ = {isa = PBXFileReference; lastKnownFileType = sourcecode.swift; path = LoginModels.swift; sourceTree = "<group>"; };
		88EEB02F24A1CC23001DC3C7 /* LoginRepository.swift */ = {isa = PBXFileReference; lastKnownFileType = sourcecode.swift; path = LoginRepository.swift; sourceTree = "<group>"; };
		88EEB03124A1CCB6001DC3C7 /* RealmRepository.swift */ = {isa = PBXFileReference; fileEncoding = 4; lastKnownFileType = sourcecode.swift; name = RealmRepository.swift; path = ../../../../../SantanderTeste/TesteiOSv2/BankApp/BankApp/Models/Realm/RealmRepository.swift; sourceTree = "<group>"; };
		88EEB03224A1CCB7001DC3C7 /* User.swift */ = {isa = PBXFileReference; fileEncoding = 4; lastKnownFileType = sourcecode.swift; name = User.swift; path = ../../../../../SantanderTeste/TesteiOSv2/BankApp/BankApp/Models/Realm/User.swift; sourceTree = "<group>"; };
		88EEB03524A1CCE6001DC3C7 /* UserMapper.swift */ = {isa = PBXFileReference; fileEncoding = 4; lastKnownFileType = sourcecode.swift; name = UserMapper.swift; path = ../../../../../SantanderTeste/TesteiOSv2/BankApp/BankApp/Models/Mapper/UserMapper.swift; sourceTree = "<group>"; };
		88EEB03624A1CCE6001DC3C7 /* StatementsMapper.swift */ = {isa = PBXFileReference; fileEncoding = 4; lastKnownFileType = sourcecode.swift; name = StatementsMapper.swift; path = ../../../../../SantanderTeste/TesteiOSv2/BankApp/BankApp/Models/Mapper/StatementsMapper.swift; sourceTree = "<group>"; };
		88EEB05C24A1D7E6001DC3C7 /* API.swift */ = {isa = PBXFileReference; lastKnownFileType = sourcecode.swift; path = API.swift; sourceTree = "<group>"; };
		88EEB05E24A1DE3A001DC3C7 /* APIRepository.swift */ = {isa = PBXFileReference; lastKnownFileType = sourcecode.swift; path = APIRepository.swift; sourceTree = "<group>"; };
		88EEB06724A1F1FD001DC3C7 /* HomeViewController.swift */ = {isa = PBXFileReference; lastKnownFileType = sourcecode.swift; path = HomeViewController.swift; sourceTree = "<group>"; };
		88EEB0B924A1FADC001DC3C7 /* ApplicationStack.swift */ = {isa = PBXFileReference; lastKnownFileType = sourcecode.swift; path = ApplicationStack.swift; sourceTree = "<group>"; };
		88EEB0BB24A1FB21001DC3C7 /* AlertController.swift */ = {isa = PBXFileReference; lastKnownFileType = sourcecode.swift; path = AlertController.swift; sourceTree = "<group>"; };
		88EEB0C124A1FC17001DC3C7 /* Error.swift */ = {isa = PBXFileReference; lastKnownFileType = sourcecode.swift; path = Error.swift; sourceTree = "<group>"; };
		88EEB0C324A1FD23001DC3C7 /* Urls.swift */ = {isa = PBXFileReference; lastKnownFileType = sourcecode.swift; path = Urls.swift; sourceTree = "<group>"; };
		88EEB0C524A1FD79001DC3C7 /* JsonConstant.swift */ = {isa = PBXFileReference; lastKnownFileType = sourcecode.swift; path = JsonConstant.swift; sourceTree = "<group>"; };
		88EEB0CC24A1FE42001DC3C7 /* StringValidator.swift */ = {isa = PBXFileReference; lastKnownFileType = sourcecode.swift; path = StringValidator.swift; sourceTree = "<group>"; };
		88EEB0CE24A1FE76001DC3C7 /* Validate.swift */ = {isa = PBXFileReference; lastKnownFileType = sourcecode.swift; path = Validate.swift; sourceTree = "<group>"; };
		88EEB0D224A1FF5F001DC3C7 /* PriceHelper.swift */ = {isa = PBXFileReference; lastKnownFileType = sourcecode.swift; path = PriceHelper.swift; sourceTree = "<group>"; };
		88EEB0D424A1FFD6001DC3C7 /* DateHelper.swift */ = {isa = PBXFileReference; lastKnownFileType = sourcecode.swift; path = DateHelper.swift; sourceTree = "<group>"; };
/* End PBXFileReference section */

/* Begin PBXFrameworksBuildPhase section */
		88EEAFDB24A1B665001DC3C7 /* Frameworks */ = {
			isa = PBXFrameworksBuildPhase;
			buildActionMask = 2147483647;
			files = (
				88EEB02324A1C45B001DC3C7 /* RealmSwift in Frameworks */,
				88EEB02124A1C45B001DC3C7 /* Realm in Frameworks */,
				88EEB01E24A1C3AB001DC3C7 /* Alamofire in Frameworks */,
			);
			runOnlyForDeploymentPostprocessing = 0;
		};
		88EEAFF124A1B66C001DC3C7 /* Frameworks */ = {
			isa = PBXFrameworksBuildPhase;
			buildActionMask = 2147483647;
			files = (
			);
			runOnlyForDeploymentPostprocessing = 0;
		};
		88EEAFFC24A1B66C001DC3C7 /* Frameworks */ = {
			isa = PBXFrameworksBuildPhase;
			buildActionMask = 2147483647;
			files = (
			);
			runOnlyForDeploymentPostprocessing = 0;
		};
/* End PBXFrameworksBuildPhase section */

/* Begin PBXGroup section */
		88EEAFD524A1B665001DC3C7 = {
			isa = PBXGroup;
			children = (
				88EEAFE024A1B665001DC3C7 /* Bank */,
				88EEAFF724A1B66C001DC3C7 /* BankTests */,
				88EEB00224A1B66C001DC3C7 /* BankUITests */,
				88EEAFDF24A1B665001DC3C7 /* Products */,
			);
			sourceTree = "<group>";
		};
		88EEAFDF24A1B665001DC3C7 /* Products */ = {
			isa = PBXGroup;
			children = (
				88EEAFDE24A1B665001DC3C7 /* Bank.app */,
				88EEAFF424A1B66C001DC3C7 /* BankTests.xctest */,
				88EEAFFF24A1B66C001DC3C7 /* BankUITests.xctest */,
			);
			name = Products;
			sourceTree = "<group>";
		};
		88EEAFE024A1B665001DC3C7 /* Bank */ = {
			isa = PBXGroup;
			children = (
				88EEB0B424A1F940001DC3C7 /* Helper */,
				88EEB01324A1B8F9001DC3C7 /* Scenes */,
				88EEB01224A1B8F2001DC3C7 /* Models */,
				88EEB01124A1B8E9001DC3C7 /* Services */,
				88EEAFE124A1B665001DC3C7 /* AppDelegate.swift */,
				88EEAFE324A1B665001DC3C7 /* SceneDelegate.swift */,
				88EEAFE724A1B665001DC3C7 /* Main.storyboard */,
				88EEAFEA24A1B66B001DC3C7 /* Assets.xcassets */,
				88EEAFEC24A1B66B001DC3C7 /* LaunchScreen.storyboard */,
				88EEAFEF24A1B66B001DC3C7 /* Info.plist */,
			);
			path = Bank;
			sourceTree = "<group>";
		};
		88EEAFF724A1B66C001DC3C7 /* BankTests */ = {
			isa = PBXGroup;
			children = (
				88EEAFF824A1B66C001DC3C7 /* BankTests.swift */,
				88EEAFFA24A1B66C001DC3C7 /* Info.plist */,
			);
			path = BankTests;
			sourceTree = "<group>";
		};
		88EEB00224A1B66C001DC3C7 /* BankUITests */ = {
			isa = PBXGroup;
			children = (
				88EEB00324A1B66C001DC3C7 /* BankUITests.swift */,
				88EEB00524A1B66C001DC3C7 /* Info.plist */,
			);
			path = BankUITests;
			sourceTree = "<group>";
		};
		88EEB01124A1B8E9001DC3C7 /* Services */ = {
			isa = PBXGroup;
			children = (
				88EEB01924A1B971001DC3C7 /* APIRepository */,
				88EEB01824A1B95B001DC3C7 /* API */,
			);
			path = Services;
			sourceTree = "<group>";
		};
		88EEB01224A1B8F2001DC3C7 /* Models */ = {
			isa = PBXGroup;
			children = (
				88EEB02D24A1CBD5001DC3C7 /* Home */,
				88EEB02C24A1CBC8001DC3C7 /* Login */,
				88EEB01B24A1B994001DC3C7 /* Realm */,
				88EEB01A24A1B988001DC3C7 /* Mapper */,
			);
			path = Models;
			sourceTree = "<group>";
		};
		88EEB01324A1B8F9001DC3C7 /* Scenes */ = {
			isa = PBXGroup;
			children = (
				88EEB01624A1B925001DC3C7 /* Home */,
				88EEB01524A1B915001DC3C7 /* Login */,
			);
			path = Scenes;
			sourceTree = "<group>";
		};
		88EEB01524A1B915001DC3C7 /* Login */ = {
			isa = PBXGroup;
			children = (
				88EEAFE524A1B665001DC3C7 /* LoginViewController.swift */,
				88EEB02424A1C5CB001DC3C7 /* LoginRouter.swift */,
				88EEB02624A1C7F5001DC3C7 /* LoginInteractor.swift */,
				88EEB02824A1CA71001DC3C7 /* LoginPresenter.swift */,
				88EEB02F24A1CC23001DC3C7 /* LoginRepository.swift */,
			);
			path = Login;
			sourceTree = "<group>";
		};
		88EEB01624A1B925001DC3C7 /* Home */ = {
			isa = PBXGroup;
			children = (
				88EEB01724A1B92C001DC3C7 /* HomeCell */,
				88EEB06724A1F1FD001DC3C7 /* HomeViewController.swift */,
			);
			path = Home;
			sourceTree = "<group>";
		};
		88EEB01724A1B92C001DC3C7 /* HomeCell */ = {
			isa = PBXGroup;
			children = (
			);
			path = HomeCell;
			sourceTree = "<group>";
		};
		88EEB01824A1B95B001DC3C7 /* API */ = {
			isa = PBXGroup;
			children = (
				88EEB05C24A1D7E6001DC3C7 /* API.swift */,
			);
			path = API;
			sourceTree = "<group>";
		};
		88EEB01924A1B971001DC3C7 /* APIRepository */ = {
			isa = PBXGroup;
			children = (
				88EEB05E24A1DE3A001DC3C7 /* APIRepository.swift */,
			);
			path = APIRepository;
			sourceTree = "<group>";
		};
		88EEB01A24A1B988001DC3C7 /* Mapper */ = {
			isa = PBXGroup;
			children = (
				88EEB03624A1CCE6001DC3C7 /* StatementsMapper.swift */,
				88EEB03524A1CCE6001DC3C7 /* UserMapper.swift */,
			);
			path = Mapper;
			sourceTree = "<group>";
		};
		88EEB01B24A1B994001DC3C7 /* Realm */ = {
			isa = PBXGroup;
			children = (
				88EEB03124A1CCB6001DC3C7 /* RealmRepository.swift */,
				88EEB03224A1CCB7001DC3C7 /* User.swift */,
			);
			path = Realm;
			sourceTree = "<group>";
		};
		88EEB02C24A1CBC8001DC3C7 /* Login */ = {
			isa = PBXGroup;
			children = (
				88EEB02A24A1CBBE001DC3C7 /* LoginModels.swift */,
			);
			path = Login;
			sourceTree = "<group>";
		};
		88EEB02D24A1CBD5001DC3C7 /* Home */ = {
			isa = PBXGroup;
			children = (
			);
			path = Home;
			sourceTree = "<group>";
		};
		88EEB0B424A1F940001DC3C7 /* Helper */ = {
			isa = PBXGroup;
			children = (
				88EEB0CB24A1FE2B001DC3C7 /* DateHelper */,
				88EEB0CA24A1FE1C001DC3C7 /* StringValidator */,
				88EEB0C924A1FE09001DC3C7 /* PriceHelper */,
				88EEB0C724A1FDF6001DC3C7 /* Validators */,
				88EEB0BD24A1FBED001DC3C7 /* Constants */,
				88EEB0B624A1F99F001DC3C7 /* ApplicationStack */,
				88EEB0B524A1F993001DC3C7 /* AlertController */,
			);
			path = Helper;
			sourceTree = "<group>";
		};
		88EEB0B524A1F993001DC3C7 /* AlertController */ = {
			isa = PBXGroup;
			children = (
				88EEB0BB24A1FB21001DC3C7 /* AlertController.swift */,
			);
			path = AlertController;
			sourceTree = "<group>";
		};
		88EEB0B624A1F99F001DC3C7 /* ApplicationStack */ = {
			isa = PBXGroup;
			children = (
				88EEB0B924A1FADC001DC3C7 /* ApplicationStack.swift */,
			);
			path = ApplicationStack;
			sourceTree = "<group>";
		};
		88EEB0BD24A1FBED001DC3C7 /* Constants */ = {
			isa = PBXGroup;
			children = (
				88EEB0C024A1FC06001DC3C7 /* Json */,
				88EEB0BF24A1FBFE001DC3C7 /* Url */,
				88EEB0BE24A1FBF8001DC3C7 /* Error */,
			);
			path = Constants;
			sourceTree = "<group>";
		};
		88EEB0BE24A1FBF8001DC3C7 /* Error */ = {
			isa = PBXGroup;
			children = (
				88EEB0C124A1FC17001DC3C7 /* Error.swift */,
			);
			path = Error;
			sourceTree = "<group>";
		};
		88EEB0BF24A1FBFE001DC3C7 /* Url */ = {
			isa = PBXGroup;
			children = (
				88EEB0C324A1FD23001DC3C7 /* Urls.swift */,
			);
			path = Url;
			sourceTree = "<group>";
		};
		88EEB0C024A1FC06001DC3C7 /* Json */ = {
			isa = PBXGroup;
			children = (
				88EEB0C524A1FD79001DC3C7 /* JsonConstant.swift */,
			);
			path = Json;
			sourceTree = "<group>";
		};
		88EEB0C724A1FDF6001DC3C7 /* Validators */ = {
			isa = PBXGroup;
			children = (
				88EEB0CE24A1FE76001DC3C7 /* Validate.swift */,
			);
			path = Validators;
			sourceTree = "<group>";
		};
		88EEB0C924A1FE09001DC3C7 /* PriceHelper */ = {
			isa = PBXGroup;
			children = (
				88EEB0D224A1FF5F001DC3C7 /* PriceHelper.swift */,
			);
			path = PriceHelper;
			sourceTree = "<group>";
		};
		88EEB0CA24A1FE1C001DC3C7 /* StringValidator */ = {
			isa = PBXGroup;
			children = (
				88EEB0CC24A1FE42001DC3C7 /* StringValidator.swift */,
			);
			path = StringValidator;
			sourceTree = "<group>";
		};
		88EEB0CB24A1FE2B001DC3C7 /* DateHelper */ = {
			isa = PBXGroup;
			children = (
				88EEB0D424A1FFD6001DC3C7 /* DateHelper.swift */,
			);
			path = DateHelper;
			sourceTree = "<group>";
		};
/* End PBXGroup section */

/* Begin PBXNativeTarget section */
		88EEAFDD24A1B665001DC3C7 /* Bank */ = {
			isa = PBXNativeTarget;
			buildConfigurationList = 88EEB00824A1B66C001DC3C7 /* Build configuration list for PBXNativeTarget "Bank" */;
			buildPhases = (
				88EEAFDA24A1B665001DC3C7 /* Sources */,
				88EEAFDB24A1B665001DC3C7 /* Frameworks */,
				88EEAFDC24A1B665001DC3C7 /* Resources */,
			);
			buildRules = (
			);
			dependencies = (
			);
			name = Bank;
			packageProductDependencies = (
				88EEB01D24A1C3AB001DC3C7 /* Alamofire */,
				88EEB02024A1C45B001DC3C7 /* Realm */,
				88EEB02224A1C45B001DC3C7 /* RealmSwift */,
			);
			productName = Bank;
			productReference = 88EEAFDE24A1B665001DC3C7 /* Bank.app */;
			productType = "com.apple.product-type.application";
		};
		88EEAFF324A1B66C001DC3C7 /* BankTests */ = {
			isa = PBXNativeTarget;
			buildConfigurationList = 88EEB00B24A1B66C001DC3C7 /* Build configuration list for PBXNativeTarget "BankTests" */;
			buildPhases = (
				88EEAFF024A1B66C001DC3C7 /* Sources */,
				88EEAFF124A1B66C001DC3C7 /* Frameworks */,
				88EEAFF224A1B66C001DC3C7 /* Resources */,
			);
			buildRules = (
			);
			dependencies = (
				88EEAFF624A1B66C001DC3C7 /* PBXTargetDependency */,
			);
			name = BankTests;
			productName = BankTests;
			productReference = 88EEAFF424A1B66C001DC3C7 /* BankTests.xctest */;
			productType = "com.apple.product-type.bundle.unit-test";
		};
		88EEAFFE24A1B66C001DC3C7 /* BankUITests */ = {
			isa = PBXNativeTarget;
			buildConfigurationList = 88EEB00E24A1B66C001DC3C7 /* Build configuration list for PBXNativeTarget "BankUITests" */;
			buildPhases = (
				88EEAFFB24A1B66C001DC3C7 /* Sources */,
				88EEAFFC24A1B66C001DC3C7 /* Frameworks */,
				88EEAFFD24A1B66C001DC3C7 /* Resources */,
			);
			buildRules = (
			);
			dependencies = (
				88EEB00124A1B66C001DC3C7 /* PBXTargetDependency */,
			);
			name = BankUITests;
			productName = BankUITests;
			productReference = 88EEAFFF24A1B66C001DC3C7 /* BankUITests.xctest */;
			productType = "com.apple.product-type.bundle.ui-testing";
		};
/* End PBXNativeTarget section */

/* Begin PBXProject section */
		88EEAFD624A1B665001DC3C7 /* Project object */ = {
			isa = PBXProject;
			attributes = {
				LastSwiftUpdateCheck = 1150;
				LastUpgradeCheck = 1150;
				ORGANIZATIONNAME = "Andre Jardim Firmo";
				TargetAttributes = {
					88EEAFDD24A1B665001DC3C7 = {
						CreatedOnToolsVersion = 11.5;
					};
					88EEAFF324A1B66C001DC3C7 = {
						CreatedOnToolsVersion = 11.5;
						TestTargetID = 88EEAFDD24A1B665001DC3C7;
					};
					88EEAFFE24A1B66C001DC3C7 = {
						CreatedOnToolsVersion = 11.5;
						TestTargetID = 88EEAFDD24A1B665001DC3C7;
					};
				};
			};
			buildConfigurationList = 88EEAFD924A1B665001DC3C7 /* Build configuration list for PBXProject "Bank" */;
			compatibilityVersion = "Xcode 9.3";
			developmentRegion = en;
			hasScannedForEncodings = 0;
			knownRegions = (
				en,
				Base,
			);
			mainGroup = 88EEAFD524A1B665001DC3C7;
			packageReferences = (
				88EEB01C24A1C3AB001DC3C7 /* XCRemoteSwiftPackageReference "Alamofire" */,
				88EEB01F24A1C45B001DC3C7 /* XCRemoteSwiftPackageReference "realm-cocoa" */,
			);
			productRefGroup = 88EEAFDF24A1B665001DC3C7 /* Products */;
			projectDirPath = "";
			projectRoot = "";
			targets = (
				88EEAFDD24A1B665001DC3C7 /* Bank */,
				88EEAFF324A1B66C001DC3C7 /* BankTests */,
				88EEAFFE24A1B66C001DC3C7 /* BankUITests */,
			);
		};
/* End PBXProject section */

/* Begin PBXResourcesBuildPhase section */
		88EEAFDC24A1B665001DC3C7 /* Resources */ = {
			isa = PBXResourcesBuildPhase;
			buildActionMask = 2147483647;
			files = (
				88EEAFEE24A1B66B001DC3C7 /* LaunchScreen.storyboard in Resources */,
				88EEAFEB24A1B66B001DC3C7 /* Assets.xcassets in Resources */,
				88EEAFE924A1B665001DC3C7 /* Main.storyboard in Resources */,
			);
			runOnlyForDeploymentPostprocessing = 0;
		};
		88EEAFF224A1B66C001DC3C7 /* Resources */ = {
			isa = PBXResourcesBuildPhase;
			buildActionMask = 2147483647;
			files = (
			);
			runOnlyForDeploymentPostprocessing = 0;
		};
		88EEAFFD24A1B66C001DC3C7 /* Resources */ = {
			isa = PBXResourcesBuildPhase;
			buildActionMask = 2147483647;
			files = (
			);
			runOnlyForDeploymentPostprocessing = 0;
		};
/* End PBXResourcesBuildPhase section */

/* Begin PBXSourcesBuildPhase section */
		88EEAFDA24A1B665001DC3C7 /* Sources */ = {
			isa = PBXSourcesBuildPhase;
			buildActionMask = 2147483647;
			files = (
				88EEB0CD24A1FE42001DC3C7 /* StringValidator.swift in Sources */,
				88EEB02924A1CA71001DC3C7 /* LoginPresenter.swift in Sources */,
				88EEB03024A1CC23001DC3C7 /* LoginRepository.swift in Sources */,
				88EEB03724A1CCE6001DC3C7 /* UserMapper.swift in Sources */,
				88EEB0CF24A1FE76001DC3C7 /* Validate.swift in Sources */,
				88EEAFE624A1B665001DC3C7 /* LoginViewController.swift in Sources */,
				88EEB05F24A1DE3A001DC3C7 /* APIRepository.swift in Sources */,
				88EEB0C424A1FD23001DC3C7 /* Urls.swift in Sources */,
				88EEB02B24A1CBBE001DC3C7 /* LoginModels.swift in Sources */,
				88EEB0D524A1FFD6001DC3C7 /* DateHelper.swift in Sources */,
				88EEAFE224A1B665001DC3C7 /* AppDelegate.swift in Sources */,
				88EEB06824A1F1FD001DC3C7 /* HomeViewController.swift in Sources */,
				88EEB0BC24A1FB21001DC3C7 /* AlertController.swift in Sources */,
				88EEB02524A1C5CB001DC3C7 /* LoginRouter.swift in Sources */,
				88EEB05D24A1D7E6001DC3C7 /* API.swift in Sources */,
				88EEB02724A1C7F5001DC3C7 /* LoginInteractor.swift in Sources */,
				88EEB0C624A1FD79001DC3C7 /* JsonConstant.swift in Sources */,
				88EEB0BA24A1FADC001DC3C7 /* ApplicationStack.swift in Sources */,
				88EEAFE424A1B665001DC3C7 /* SceneDelegate.swift in Sources */,
				88EEB03424A1CCB7001DC3C7 /* User.swift in Sources */,
				88EEB03824A1CCE6001DC3C7 /* StatementsMapper.swift in Sources */,
				88EEB0C224A1FC17001DC3C7 /* Error.swift in Sources */,
				88EEB0D324A1FF5F001DC3C7 /* PriceHelper.swift in Sources */,
				88EEB03324A1CCB7001DC3C7 /* RealmRepository.swift in Sources */,
			);
			runOnlyForDeploymentPostprocessing = 0;
		};
		88EEAFF024A1B66C001DC3C7 /* Sources */ = {
			isa = PBXSourcesBuildPhase;
			buildActionMask = 2147483647;
			files = (
				88EEAFF924A1B66C001DC3C7 /* BankTests.swift in Sources */,
			);
			runOnlyForDeploymentPostprocessing = 0;
		};
		88EEAFFB24A1B66C001DC3C7 /* Sources */ = {
			isa = PBXSourcesBuildPhase;
			buildActionMask = 2147483647;
			files = (
				88EEB00424A1B66C001DC3C7 /* BankUITests.swift in Sources */,
			);
			runOnlyForDeploymentPostprocessing = 0;
		};
/* End PBXSourcesBuildPhase section */

/* Begin PBXTargetDependency section */
		88EEAFF624A1B66C001DC3C7 /* PBXTargetDependency */ = {
			isa = PBXTargetDependency;
			target = 88EEAFDD24A1B665001DC3C7 /* Bank */;
			targetProxy = 88EEAFF524A1B66C001DC3C7 /* PBXContainerItemProxy */;
		};
		88EEB00124A1B66C001DC3C7 /* PBXTargetDependency */ = {
			isa = PBXTargetDependency;
			target = 88EEAFDD24A1B665001DC3C7 /* Bank */;
			targetProxy = 88EEB00024A1B66C001DC3C7 /* PBXContainerItemProxy */;
		};
/* End PBXTargetDependency section */

/* Begin PBXVariantGroup section */
		88EEAFE724A1B665001DC3C7 /* Main.storyboard */ = {
			isa = PBXVariantGroup;
			children = (
				88EEAFE824A1B665001DC3C7 /* Base */,
			);
			name = Main.storyboard;
			sourceTree = "<group>";
		};
		88EEAFEC24A1B66B001DC3C7 /* LaunchScreen.storyboard */ = {
			isa = PBXVariantGroup;
			children = (
				88EEAFED24A1B66B001DC3C7 /* Base */,
			);
			name = LaunchScreen.storyboard;
			sourceTree = "<group>";
		};
/* End PBXVariantGroup section */

/* Begin XCBuildConfiguration section */
		88EEB00624A1B66C001DC3C7 /* Debug */ = {
			isa = XCBuildConfiguration;
			buildSettings = {
				ALWAYS_SEARCH_USER_PATHS = NO;
				CLANG_ANALYZER_NONNULL = YES;
				CLANG_ANALYZER_NUMBER_OBJECT_CONVERSION = YES_AGGRESSIVE;
				CLANG_CXX_LANGUAGE_STANDARD = "gnu++14";
				CLANG_CXX_LIBRARY = "libc++";
				CLANG_ENABLE_MODULES = YES;
				CLANG_ENABLE_OBJC_ARC = YES;
				CLANG_ENABLE_OBJC_WEAK = YES;
				CLANG_WARN_BLOCK_CAPTURE_AUTORELEASING = YES;
				CLANG_WARN_BOOL_CONVERSION = YES;
				CLANG_WARN_COMMA = YES;
				CLANG_WARN_CONSTANT_CONVERSION = YES;
				CLANG_WARN_DEPRECATED_OBJC_IMPLEMENTATIONS = YES;
				CLANG_WARN_DIRECT_OBJC_ISA_USAGE = YES_ERROR;
				CLANG_WARN_DOCUMENTATION_COMMENTS = YES;
				CLANG_WARN_EMPTY_BODY = YES;
				CLANG_WARN_ENUM_CONVERSION = YES;
				CLANG_WARN_INFINITE_RECURSION = YES;
				CLANG_WARN_INT_CONVERSION = YES;
				CLANG_WARN_NON_LITERAL_NULL_CONVERSION = YES;
				CLANG_WARN_OBJC_IMPLICIT_RETAIN_SELF = YES;
				CLANG_WARN_OBJC_LITERAL_CONVERSION = YES;
				CLANG_WARN_OBJC_ROOT_CLASS = YES_ERROR;
				CLANG_WARN_RANGE_LOOP_ANALYSIS = YES;
				CLANG_WARN_STRICT_PROTOTYPES = YES;
				CLANG_WARN_SUSPICIOUS_MOVE = YES;
				CLANG_WARN_UNGUARDED_AVAILABILITY = YES_AGGRESSIVE;
				CLANG_WARN_UNREACHABLE_CODE = YES;
				CLANG_WARN__DUPLICATE_METHOD_MATCH = YES;
				COPY_PHASE_STRIP = NO;
				DEBUG_INFORMATION_FORMAT = dwarf;
				ENABLE_STRICT_OBJC_MSGSEND = YES;
				ENABLE_TESTABILITY = YES;
				GCC_C_LANGUAGE_STANDARD = gnu11;
				GCC_DYNAMIC_NO_PIC = NO;
				GCC_NO_COMMON_BLOCKS = YES;
				GCC_OPTIMIZATION_LEVEL = 0;
				GCC_PREPROCESSOR_DEFINITIONS = (
					"DEBUG=1",
					"$(inherited)",
				);
				GCC_WARN_64_TO_32_BIT_CONVERSION = YES;
				GCC_WARN_ABOUT_RETURN_TYPE = YES_ERROR;
				GCC_WARN_UNDECLARED_SELECTOR = YES;
				GCC_WARN_UNINITIALIZED_AUTOS = YES_AGGRESSIVE;
				GCC_WARN_UNUSED_FUNCTION = YES;
				GCC_WARN_UNUSED_VARIABLE = YES;
				IPHONEOS_DEPLOYMENT_TARGET = 13.5;
				MTL_ENABLE_DEBUG_INFO = INCLUDE_SOURCE;
				MTL_FAST_MATH = YES;
				ONLY_ACTIVE_ARCH = YES;
				SDKROOT = iphoneos;
				SWIFT_ACTIVE_COMPILATION_CONDITIONS = DEBUG;
				SWIFT_OPTIMIZATION_LEVEL = "-Onone";
			};
			name = Debug;
		};
		88EEB00724A1B66C001DC3C7 /* Release */ = {
			isa = XCBuildConfiguration;
			buildSettings = {
				ALWAYS_SEARCH_USER_PATHS = NO;
				CLANG_ANALYZER_NONNULL = YES;
				CLANG_ANALYZER_NUMBER_OBJECT_CONVERSION = YES_AGGRESSIVE;
				CLANG_CXX_LANGUAGE_STANDARD = "gnu++14";
				CLANG_CXX_LIBRARY = "libc++";
				CLANG_ENABLE_MODULES = YES;
				CLANG_ENABLE_OBJC_ARC = YES;
				CLANG_ENABLE_OBJC_WEAK = YES;
				CLANG_WARN_BLOCK_CAPTURE_AUTORELEASING = YES;
				CLANG_WARN_BOOL_CONVERSION = YES;
				CLANG_WARN_COMMA = YES;
				CLANG_WARN_CONSTANT_CONVERSION = YES;
				CLANG_WARN_DEPRECATED_OBJC_IMPLEMENTATIONS = YES;
				CLANG_WARN_DIRECT_OBJC_ISA_USAGE = YES_ERROR;
				CLANG_WARN_DOCUMENTATION_COMMENTS = YES;
				CLANG_WARN_EMPTY_BODY = YES;
				CLANG_WARN_ENUM_CONVERSION = YES;
				CLANG_WARN_INFINITE_RECURSION = YES;
				CLANG_WARN_INT_CONVERSION = YES;
				CLANG_WARN_NON_LITERAL_NULL_CONVERSION = YES;
				CLANG_WARN_OBJC_IMPLICIT_RETAIN_SELF = YES;
				CLANG_WARN_OBJC_LITERAL_CONVERSION = YES;
				CLANG_WARN_OBJC_ROOT_CLASS = YES_ERROR;
				CLANG_WARN_RANGE_LOOP_ANALYSIS = YES;
				CLANG_WARN_STRICT_PROTOTYPES = YES;
				CLANG_WARN_SUSPICIOUS_MOVE = YES;
				CLANG_WARN_UNGUARDED_AVAILABILITY = YES_AGGRESSIVE;
				CLANG_WARN_UNREACHABLE_CODE = YES;
				CLANG_WARN__DUPLICATE_METHOD_MATCH = YES;
				COPY_PHASE_STRIP = NO;
				DEBUG_INFORMATION_FORMAT = "dwarf-with-dsym";
				ENABLE_NS_ASSERTIONS = NO;
				ENABLE_STRICT_OBJC_MSGSEND = YES;
				GCC_C_LANGUAGE_STANDARD = gnu11;
				GCC_NO_COMMON_BLOCKS = YES;
				GCC_WARN_64_TO_32_BIT_CONVERSION = YES;
				GCC_WARN_ABOUT_RETURN_TYPE = YES_ERROR;
				GCC_WARN_UNDECLARED_SELECTOR = YES;
				GCC_WARN_UNINITIALIZED_AUTOS = YES_AGGRESSIVE;
				GCC_WARN_UNUSED_FUNCTION = YES;
				GCC_WARN_UNUSED_VARIABLE = YES;
				IPHONEOS_DEPLOYMENT_TARGET = 13.5;
				MTL_ENABLE_DEBUG_INFO = NO;
				MTL_FAST_MATH = YES;
				SDKROOT = iphoneos;
				SWIFT_COMPILATION_MODE = wholemodule;
				SWIFT_OPTIMIZATION_LEVEL = "-O";
				VALIDATE_PRODUCT = YES;
			};
			name = Release;
		};
		88EEB00924A1B66C001DC3C7 /* Debug */ = {
			isa = XCBuildConfiguration;
			buildSettings = {
				ASSETCATALOG_COMPILER_APPICON_NAME = AppIcon;
				CODE_SIGN_STYLE = Automatic;
				DEVELOPMENT_TEAM = D73SZWFV4A;
				INFOPLIST_FILE = Bank/Info.plist;
				IPHONEOS_DEPLOYMENT_TARGET = 13.5;
				LD_RUNPATH_SEARCH_PATHS = (
					"$(inherited)",
					"@executable_path/Frameworks",
				);
				PRODUCT_BUNDLE_IDENTIFIER = testIOs.Bank;
				PRODUCT_NAME = "$(TARGET_NAME)";
				SWIFT_VERSION = 5.0;
				TARGETED_DEVICE_FAMILY = "1,2";
			};
			name = Debug;
		};
		88EEB00A24A1B66C001DC3C7 /* Release */ = {
			isa = XCBuildConfiguration;
			buildSettings = {
				ASSETCATALOG_COMPILER_APPICON_NAME = AppIcon;
				CODE_SIGN_STYLE = Automatic;
				DEVELOPMENT_TEAM = D73SZWFV4A;
				INFOPLIST_FILE = Bank/Info.plist;
				IPHONEOS_DEPLOYMENT_TARGET = 13.5;
				LD_RUNPATH_SEARCH_PATHS = (
					"$(inherited)",
					"@executable_path/Frameworks",
				);
				PRODUCT_BUNDLE_IDENTIFIER = testIOs.Bank;
				PRODUCT_NAME = "$(TARGET_NAME)";
				SWIFT_VERSION = 5.0;
				TARGETED_DEVICE_FAMILY = "1,2";
			};
			name = Release;
		};
		88EEB00C24A1B66C001DC3C7 /* Debug */ = {
			isa = XCBuildConfiguration;
			buildSettings = {
				ALWAYS_EMBED_SWIFT_STANDARD_LIBRARIES = YES;
				BUNDLE_LOADER = "$(TEST_HOST)";
				CODE_SIGN_STYLE = Automatic;
				DEVELOPMENT_TEAM = D73SZWFV4A;
				INFOPLIST_FILE = BankTests/Info.plist;
				IPHONEOS_DEPLOYMENT_TARGET = 13.5;
				LD_RUNPATH_SEARCH_PATHS = (
					"$(inherited)",
					"@executable_path/Frameworks",
					"@loader_path/Frameworks",
				);
				PRODUCT_BUNDLE_IDENTIFIER = testIOs.BankTests;
				PRODUCT_NAME = "$(TARGET_NAME)";
				SWIFT_VERSION = 5.0;
				TARGETED_DEVICE_FAMILY = "1,2";
				TEST_HOST = "$(BUILT_PRODUCTS_DIR)/Bank.app/Bank";
			};
			name = Debug;
		};
		88EEB00D24A1B66C001DC3C7 /* Release */ = {
			isa = XCBuildConfiguration;
			buildSettings = {
				ALWAYS_EMBED_SWIFT_STANDARD_LIBRARIES = YES;
				BUNDLE_LOADER = "$(TEST_HOST)";
				CODE_SIGN_STYLE = Automatic;
				DEVELOPMENT_TEAM = D73SZWFV4A;
				INFOPLIST_FILE = BankTests/Info.plist;
				IPHONEOS_DEPLOYMENT_TARGET = 13.5;
				LD_RUNPATH_SEARCH_PATHS = (
					"$(inherited)",
					"@executable_path/Frameworks",
					"@loader_path/Frameworks",
				);
				PRODUCT_BUNDLE_IDENTIFIER = testIOs.BankTests;
				PRODUCT_NAME = "$(TARGET_NAME)";
				SWIFT_VERSION = 5.0;
				TARGETED_DEVICE_FAMILY = "1,2";
				TEST_HOST = "$(BUILT_PRODUCTS_DIR)/Bank.app/Bank";
			};
			name = Release;
		};
		88EEB00F24A1B66C001DC3C7 /* Debug */ = {
			isa = XCBuildConfiguration;
			buildSettings = {
				ALWAYS_EMBED_SWIFT_STANDARD_LIBRARIES = YES;
				CODE_SIGN_STYLE = Automatic;
				DEVELOPMENT_TEAM = D73SZWFV4A;
				INFOPLIST_FILE = BankUITests/Info.plist;
				LD_RUNPATH_SEARCH_PATHS = (
					"$(inherited)",
					"@executable_path/Frameworks",
					"@loader_path/Frameworks",
				);
				PRODUCT_BUNDLE_IDENTIFIER = testIOs.BankUITests;
				PRODUCT_NAME = "$(TARGET_NAME)";
				SWIFT_VERSION = 5.0;
				TARGETED_DEVICE_FAMILY = "1,2";
				TEST_TARGET_NAME = Bank;
			};
			name = Debug;
		};
		88EEB01024A1B66C001DC3C7 /* Release */ = {
			isa = XCBuildConfiguration;
			buildSettings = {
				ALWAYS_EMBED_SWIFT_STANDARD_LIBRARIES = YES;
				CODE_SIGN_STYLE = Automatic;
				DEVELOPMENT_TEAM = D73SZWFV4A;
				INFOPLIST_FILE = BankUITests/Info.plist;
				LD_RUNPATH_SEARCH_PATHS = (
					"$(inherited)",
					"@executable_path/Frameworks",
					"@loader_path/Frameworks",
				);
				PRODUCT_BUNDLE_IDENTIFIER = testIOs.BankUITests;
				PRODUCT_NAME = "$(TARGET_NAME)";
				SWIFT_VERSION = 5.0;
				TARGETED_DEVICE_FAMILY = "1,2";
				TEST_TARGET_NAME = Bank;
			};
			name = Release;
		};
/* End XCBuildConfiguration section */

/* Begin XCConfigurationList section */
		88EEAFD924A1B665001DC3C7 /* Build configuration list for PBXProject "Bank" */ = {
			isa = XCConfigurationList;
			buildConfigurations = (
				88EEB00624A1B66C001DC3C7 /* Debug */,
				88EEB00724A1B66C001DC3C7 /* Release */,
			);
			defaultConfigurationIsVisible = 0;
			defaultConfigurationName = Release;
		};
		88EEB00824A1B66C001DC3C7 /* Build configuration list for PBXNativeTarget "Bank" */ = {
			isa = XCConfigurationList;
			buildConfigurations = (
				88EEB00924A1B66C001DC3C7 /* Debug */,
				88EEB00A24A1B66C001DC3C7 /* Release */,
			);
			defaultConfigurationIsVisible = 0;
			defaultConfigurationName = Release;
		};
		88EEB00B24A1B66C001DC3C7 /* Build configuration list for PBXNativeTarget "BankTests" */ = {
			isa = XCConfigurationList;
			buildConfigurations = (
				88EEB00C24A1B66C001DC3C7 /* Debug */,
				88EEB00D24A1B66C001DC3C7 /* Release */,
			);
			defaultConfigurationIsVisible = 0;
			defaultConfigurationName = Release;
		};
		88EEB00E24A1B66C001DC3C7 /* Build configuration list for PBXNativeTarget "BankUITests" */ = {
			isa = XCConfigurationList;
			buildConfigurations = (
				88EEB00F24A1B66C001DC3C7 /* Debug */,
				88EEB01024A1B66C001DC3C7 /* Release */,
			);
			defaultConfigurationIsVisible = 0;
			defaultConfigurationName = Release;
		};
/* End XCConfigurationList section */

/* Begin XCRemoteSwiftPackageReference section */
		88EEB01C24A1C3AB001DC3C7 /* XCRemoteSwiftPackageReference "Alamofire" */ = {
			isa = XCRemoteSwiftPackageReference;
			repositoryURL = "https://github.com/Alamofire/Alamofire.git";
			requirement = {
				kind = upToNextMajorVersion;
				minimumVersion = 5.2.1;
			};
		};
		88EEB01F24A1C45B001DC3C7 /* XCRemoteSwiftPackageReference "realm-cocoa" */ = {
			isa = XCRemoteSwiftPackageReference;
			repositoryURL = "https://github.com/realm/realm-cocoa.git";
			requirement = {
				kind = upToNextMajorVersion;
				minimumVersion = 5.1.0;
			};
		};
/* End XCRemoteSwiftPackageReference section */

/* Begin XCSwiftPackageProductDependency section */
		88EEB01D24A1C3AB001DC3C7 /* Alamofire */ = {
			isa = XCSwiftPackageProductDependency;
			package = 88EEB01C24A1C3AB001DC3C7 /* XCRemoteSwiftPackageReference "Alamofire" */;
			productName = Alamofire;
		};
		88EEB02024A1C45B001DC3C7 /* Realm */ = {
			isa = XCSwiftPackageProductDependency;
			package = 88EEB01F24A1C45B001DC3C7 /* XCRemoteSwiftPackageReference "realm-cocoa" */;
			productName = Realm;
		};
		88EEB02224A1C45B001DC3C7 /* RealmSwift */ = {
			isa = XCSwiftPackageProductDependency;
			package = 88EEB01F24A1C45B001DC3C7 /* XCRemoteSwiftPackageReference "realm-cocoa" */;
			productName = RealmSwift;
		};
/* End XCSwiftPackageProductDependency section */
	};
	rootObject = 88EEAFD624A1B665001DC3C7 /* Project object */;
}
